
Microsoft Visual Studio Solution File, Format Version 12.00
# Visual Studio Version 16
VisualStudioVersion = 16.0.31702.278
MinimumVisualStudioVersion = 10.0.40219.1
Project("{FAE04EC0-301F-11D3-BF4B-00C04F79EFBC}") = "AnalizadorSintactico", "AnalizadorSintactico\AnalizadorSintactico.csproj", "{F361AFF5-EB4E-481C-A891-EBF30912F574}"
EndProject
Global
	GlobalSection(SolutionConfigurationPlatforms) = preSolution
		Debug|Any CPU = Debug|Any CPU
		Release|Any CPU = Release|Any CPU
	EndGlobalSection
	GlobalSection(ProjectConfigurationPlatforms) = postSolution
		{F361AFF5-EB4E-481C-A891-EBF30912F574}.Debug|Any CPU.ActiveCfg = Debug|Any CPU
		{F361AFF5-EB4E-481C-A891-EBF30912F574}.Debug|Any CPU.Build.0 = Debug|Any CPU
		{F361AFF5-EB4E-481C-A891-EBF30912F574}.Release|Any CPU.ActiveCfg = Release|Any CPU
		{F361AFF5-EB4E-481C-A891-EBF30912F574}.Release|Any CPU.Build.0 = Release|Any CPU
	EndGlobalSection
	GlobalSection(SolutionProperties) = preSolution
		HideSolutionNode = FALSE
	EndGlobalSection
	GlobalSection(ExtensibilityGlobals) = postSolution
		SolutionGuid = {E6FAD21D-D332-46CC-9737-BD6D7026A626}
	EndGlobalSection
EndGlobal
